// !$*UTF8*$!
{
	archiveVersion = 1;
	classes = {
	};
	objectVersion = 56;
	objects = {

/* Begin PBXBuildFile section */
		F57D1A842AE420470070E309 /* Models.swift in Sources */ = {isa = PBXBuildFile; fileRef = F57D1A832AE420470070E309 /* Models.swift */; };
		F57D1A862AE420A20070E309 /* TickerListView.swift in Sources */ = {isa = PBXBuildFile; fileRef = F57D1A852AE420A20070E309 /* TickerListView.swift */; };
		F57D1A882AE420B20070E309 /* TickerCellView.swift in Sources */ = {isa = PBXBuildFile; fileRef = F57D1A872AE420B20070E309 /* TickerCellView.swift */; };
		F57D1A8A2AE420BE0070E309 /* AssetDetailView.swift in Sources */ = {isa = PBXBuildFile; fileRef = F57D1A892AE420BE0070E309 /* AssetDetailView.swift */; };
		F57D1A8C2AE420DC0070E309 /* DatePickerView.swift in Sources */ = {isa = PBXBuildFile; fileRef = F57D1A8B2AE420DC0070E309 /* DatePickerView.swift */; };
		F57D1A8E2AE420EE0070E309 /* TickerListView+ViewModel.swift in Sources */ = {isa = PBXBuildFile; fileRef = F57D1A8D2AE420EE0070E309 /* TickerListView+ViewModel.swift */; };
		F57D1A902AE421030070E309 /* TickerCellView+ViewModel.swift in Sources */ = {isa = PBXBuildFile; fileRef = F57D1A8F2AE421030070E309 /* TickerCellView+ViewModel.swift */; };
		F57D1A922AE421100070E309 /* AssetDetailView+ViewModel.swift in Sources */ = {isa = PBXBuildFile; fileRef = F57D1A912AE421100070E309 /* AssetDetailView+ViewModel.swift */; };
		F57D1A942AE4211D0070E309 /* DatePickerView+ViewModel.swift in Sources */ = {isa = PBXBuildFile; fileRef = F57D1A932AE4211D0070E309 /* DatePickerView+ViewModel.swift */; };
		F57D1A962AE421620070E309 /* DataService.swift in Sources */ = {isa = PBXBuildFile; fileRef = F57D1A952AE421620070E309 /* DataService.swift */; };
		F57D1A982AE4216F0070E309 /* Endpoints.swift in Sources */ = {isa = PBXBuildFile; fileRef = F57D1A972AE4216F0070E309 /* Endpoints.swift */; };
		F57D1A9A2AE4217A0070E309 /* Constants.swift in Sources */ = {isa = PBXBuildFile; fileRef = F57D1A992AE4217A0070E309 /* Constants.swift */; };
		F57D1A9C2AE4219B0070E309 /* Formatters.swift in Sources */ = {isa = PBXBuildFile; fileRef = F57D1A9B2AE4219B0070E309 /* Formatters.swift */; };
		F57D1A9F2AE459A90070E309 /* AlertView.swift in Sources */ = {isa = PBXBuildFile; fileRef = F57D1A9E2AE459A90070E309 /* AlertView.swift */; };
		F57D1AA12AE45BDA0070E309 /* AlertView+ViewModel.swift in Sources */ = {isa = PBXBuildFile; fileRef = F57D1AA02AE45BDA0070E309 /* AlertView+ViewModel.swift */; };
		F5962D7D2AE41F4800398A5D /* StockMarketChallengeApp.swift in Sources */ = {isa = PBXBuildFile; fileRef = F5962D7C2AE41F4800398A5D /* StockMarketChallengeApp.swift */; };
		F5962D7F2AE41F4800398A5D /* ContentView.swift in Sources */ = {isa = PBXBuildFile; fileRef = F5962D7E2AE41F4800398A5D /* ContentView.swift */; };
		F5962D812AE41F4A00398A5D /* Assets.xcassets in Resources */ = {isa = PBXBuildFile; fileRef = F5962D802AE41F4A00398A5D /* Assets.xcassets */; };
		F5962D852AE41F4A00398A5D /* Preview Assets.xcassets in Resources */ = {isa = PBXBuildFile; fileRef = F5962D842AE41F4A00398A5D /* Preview Assets.xcassets */; };
/* End PBXBuildFile section */

/* Begin PBXFileReference section */
		F57D1A832AE420470070E309 /* Models.swift */ = {isa = PBXFileReference; lastKnownFileType = sourcecode.swift; path = Models.swift; sourceTree = "<group>"; };
		F57D1A852AE420A20070E309 /* TickerListView.swift */ = {isa = PBXFileReference; lastKnownFileType = sourcecode.swift; path = TickerListView.swift; sourceTree = "<group>"; };
		F57D1A872AE420B20070E309 /* TickerCellView.swift */ = {isa = PBXFileReference; lastKnownFileType = sourcecode.swift; path = TickerCellView.swift; sourceTree = "<group>"; };
		F57D1A892AE420BE0070E309 /* AssetDetailView.swift */ = {isa = PBXFileReference; lastKnownFileType = sourcecode.swift; path = AssetDetailView.swift; sourceTree = "<group>"; };
		F57D1A8B2AE420DC0070E309 /* DatePickerView.swift */ = {isa = PBXFileReference; lastKnownFileType = sourcecode.swift; path = DatePickerView.swift; sourceTree = "<group>"; };
		F57D1A8D2AE420EE0070E309 /* TickerListView+ViewModel.swift */ = {isa = PBXFileReference; lastKnownFileType = sourcecode.swift; path = "TickerListView+ViewModel.swift"; sourceTree = "<group>"; };
		F57D1A8F2AE421030070E309 /* TickerCellView+ViewModel.swift */ = {isa = PBXFileReference; lastKnownFileType = sourcecode.swift; path = "TickerCellView+ViewModel.swift"; sourceTree = "<group>"; };
		F57D1A912AE421100070E309 /* AssetDetailView+ViewModel.swift */ = {isa = PBXFileReference; lastKnownFileType = sourcecode.swift; path = "AssetDetailView+ViewModel.swift"; sourceTree = "<group>"; };
		F57D1A932AE4211D0070E309 /* DatePickerView+ViewModel.swift */ = {isa = PBXFileReference; lastKnownFileType = sourcecode.swift; path = "DatePickerView+ViewModel.swift"; sourceTree = "<group>"; };
		F57D1A952AE421620070E309 /* DataService.swift */ = {isa = PBXFileReference; lastKnownFileType = sourcecode.swift; path = DataService.swift; sourceTree = "<group>"; };
		F57D1A972AE4216F0070E309 /* Endpoints.swift */ = {isa = PBXFileReference; lastKnownFileType = sourcecode.swift; path = Endpoints.swift; sourceTree = "<group>"; };
		F57D1A992AE4217A0070E309 /* Constants.swift */ = {isa = PBXFileReference; lastKnownFileType = sourcecode.swift; path = Constants.swift; sourceTree = "<group>"; };
		F57D1A9B2AE4219B0070E309 /* Formatters.swift */ = {isa = PBXFileReference; lastKnownFileType = sourcecode.swift; path = Formatters.swift; sourceTree = "<group>"; };
		F57D1A9D2AE423D80070E309 /* Info.plist */ = {isa = PBXFileReference; lastKnownFileType = text.plist; path = Info.plist; sourceTree = "<group>"; };
		F57D1A9E2AE459A90070E309 /* AlertView.swift */ = {isa = PBXFileReference; lastKnownFileType = sourcecode.swift; path = AlertView.swift; sourceTree = "<group>"; };
		F57D1AA02AE45BDA0070E309 /* AlertView+ViewModel.swift */ = {isa = PBXFileReference; lastKnownFileType = sourcecode.swift; path = "AlertView+ViewModel.swift"; sourceTree = "<group>"; };
		F5962D792AE41F4800398A5D /* StockMarketChallenge.app */ = {isa = PBXFileReference; explicitFileType = wrapper.application; includeInIndex = 0; path = StockMarketChallenge.app; sourceTree = BUILT_PRODUCTS_DIR; };
		F5962D7C2AE41F4800398A5D /* StockMarketChallengeApp.swift */ = {isa = PBXFileReference; lastKnownFileType = sourcecode.swift; path = StockMarketChallengeApp.swift; sourceTree = "<group>"; };
		F5962D7E2AE41F4800398A5D /* ContentView.swift */ = {isa = PBXFileReference; lastKnownFileType = sourcecode.swift; path = ContentView.swift; sourceTree = "<group>"; };
		F5962D802AE41F4A00398A5D /* Assets.xcassets */ = {isa = PBXFileReference; lastKnownFileType = folder.assetcatalog; path = Assets.xcassets; sourceTree = "<group>"; };
		F5962D822AE41F4A00398A5D /* StockMarketChallenge.entitlements */ = {isa = PBXFileReference; lastKnownFileType = text.plist.entitlements; path = StockMarketChallenge.entitlements; sourceTree = "<group>"; };
		F5962D842AE41F4A00398A5D /* Preview Assets.xcassets */ = {isa = PBXFileReference; lastKnownFileType = folder.assetcatalog; path = "Preview Assets.xcassets"; sourceTree = "<group>"; };
/* End PBXFileReference section */

/* Begin PBXFrameworksBuildPhase section */
		F5962D762AE41F4800398A5D /* Frameworks */ = {
			isa = PBXFrameworksBuildPhase;
			buildActionMask = 2147483647;
			files = (
			);
			runOnlyForDeploymentPostprocessing = 0;
		};
/* End PBXFrameworksBuildPhase section */

/* Begin PBXGroup section */
		F57D1A802AE420210070E309 /* ViewModels */ = {
			isa = PBXGroup;
			children = (
				F57D1A8D2AE420EE0070E309 /* TickerListView+ViewModel.swift */,
				F57D1A8F2AE421030070E309 /* TickerCellView+ViewModel.swift */,
				F57D1A912AE421100070E309 /* AssetDetailView+ViewModel.swift */,
				F57D1A932AE4211D0070E309 /* DatePickerView+ViewModel.swift */,
				F57D1AA02AE45BDA0070E309 /* AlertView+ViewModel.swift */,
			);
			path = ViewModels;
			sourceTree = "<group>";
		};
		F57D1A812AE4202E0070E309 /* Views */ = {
			isa = PBXGroup;
			children = (
				F5962D7E2AE41F4800398A5D /* ContentView.swift */,
				F57D1A852AE420A20070E309 /* TickerListView.swift */,
				F57D1A872AE420B20070E309 /* TickerCellView.swift */,
				F57D1A892AE420BE0070E309 /* AssetDetailView.swift */,
				F57D1A8B2AE420DC0070E309 /* DatePickerView.swift */,
				F57D1A9E2AE459A90070E309 /* AlertView.swift */,
			);
			path = Views;
			sourceTree = "<group>";
		};
		F57D1A822AE420390070E309 /* Models */ = {
			isa = PBXGroup;
			children = (
				F57D1A832AE420470070E309 /* Models.swift */,
			);
			path = Models;
			sourceTree = "<group>";
		};
		F5962D702AE41F4800398A5D = {
			isa = PBXGroup;
			children = (
				F5962D7B2AE41F4800398A5D /* StockMarketChallenge */,
				F5962D7A2AE41F4800398A5D /* Products */,
			);
			sourceTree = "<group>";
		};
		F5962D7A2AE41F4800398A5D /* Products */ = {
			isa = PBXGroup;
			children = (
				F5962D792AE41F4800398A5D /* StockMarketChallenge.app */,
			);
			name = Products;
			sourceTree = "<group>";
		};
		F5962D7B2AE41F4800398A5D /* StockMarketChallenge */ = {
			isa = PBXGroup;
			children = (
				F57D1A822AE420390070E309 /* Models */,
				F57D1A812AE4202E0070E309 /* Views */,
				F57D1A802AE420210070E309 /* ViewModels */,
				F5962D7C2AE41F4800398A5D /* StockMarketChallengeApp.swift */,
				F57D1A952AE421620070E309 /* DataService.swift */,
				F57D1A972AE4216F0070E309 /* Endpoints.swift */,
				F57D1A992AE4217A0070E309 /* Constants.swift */,
				F57D1A9B2AE4219B0070E309 /* Formatters.swift */,
				F57D1A9D2AE423D80070E309 /* Info.plist */,
				F5962D802AE41F4A00398A5D /* Assets.xcassets */,
				F5962D822AE41F4A00398A5D /* StockMarketChallenge.entitlements */,
				F5962D832AE41F4A00398A5D /* Preview Content */,
			);
			path = StockMarketChallenge;
			sourceTree = "<group>";
		};
		F5962D832AE41F4A00398A5D /* Preview Content */ = {
			isa = PBXGroup;
			children = (
				F5962D842AE41F4A00398A5D /* Preview Assets.xcassets */,
			);
			path = "Preview Content";
			sourceTree = "<group>";
		};
/* End PBXGroup section */

/* Begin PBXNativeTarget section */
		F5962D782AE41F4800398A5D /* StockMarketChallenge */ = {
			isa = PBXNativeTarget;
			buildConfigurationList = F5962D882AE41F4A00398A5D /* Build configuration list for PBXNativeTarget "StockMarketChallenge" */;
			buildPhases = (
				F5962D752AE41F4800398A5D /* Sources */,
				F5962D762AE41F4800398A5D /* Frameworks */,
				F5962D772AE41F4800398A5D /* Resources */,
			);
			buildRules = (
			);
			dependencies = (
			);
			name = StockMarketChallenge;
			productName = StockMarketChallenge;
			productReference = F5962D792AE41F4800398A5D /* StockMarketChallenge.app */;
			productType = "com.apple.product-type.application";
		};
/* End PBXNativeTarget section */

/* Begin PBXProject section */
		F5962D712AE41F4800398A5D /* Project object */ = {
			isa = PBXProject;
			attributes = {
				BuildIndependentTargetsInParallel = 1;
				LastSwiftUpdateCheck = 1500;
				LastUpgradeCheck = 1500;
				TargetAttributes = {
					F5962D782AE41F4800398A5D = {
						CreatedOnToolsVersion = 15.0;
					};
				};
			};
			buildConfigurationList = F5962D742AE41F4800398A5D /* Build configuration list for PBXProject "StockMarketChallenge" */;
			compatibilityVersion = "Xcode 14.0";
			developmentRegion = en;
			hasScannedForEncodings = 0;
			knownRegions = (
				en,
				Base,
			);
			mainGroup = F5962D702AE41F4800398A5D;
			productRefGroup = F5962D7A2AE41F4800398A5D /* Products */;
			projectDirPath = "";
			projectRoot = "";
			targets = (
				F5962D782AE41F4800398A5D /* StockMarketChallenge */,
			);
		};
/* End PBXProject section */

/* Begin PBXResourcesBuildPhase section */
		F5962D772AE41F4800398A5D /* Resources */ = {
			isa = PBXResourcesBuildPhase;
			buildActionMask = 2147483647;
			files = (
				F5962D852AE41F4A00398A5D /* Preview Assets.xcassets in Resources */,
				F5962D812AE41F4A00398A5D /* Assets.xcassets in Resources */,
			);
			runOnlyForDeploymentPostprocessing = 0;
		};
/* End PBXResourcesBuildPhase section */

/* Begin PBXSourcesBuildPhase section */
		F5962D752AE41F4800398A5D /* Sources */ = {
			isa = PBXSourcesBuildPhase;
			buildActionMask = 2147483647;
			files = (
				F57D1A862AE420A20070E309 /* TickerListView.swift in Sources */,
				F57D1A942AE4211D0070E309 /* DatePickerView+ViewModel.swift in Sources */,
				F57D1A982AE4216F0070E309 /* Endpoints.swift in Sources */,
				F57D1A9C2AE4219B0070E309 /* Formatters.swift in Sources */,
				F57D1A902AE421030070E309 /* TickerCellView+ViewModel.swift in Sources */,
				F57D1A962AE421620070E309 /* DataService.swift in Sources */,
				F57D1A8E2AE420EE0070E309 /* TickerListView+ViewModel.swift in Sources */,
				F57D1A842AE420470070E309 /* Models.swift in Sources */,
				F57D1A8A2AE420BE0070E309 /* AssetDetailView.swift in Sources */,
				F57D1A882AE420B20070E309 /* TickerCellView.swift in Sources */,
				F57D1A8C2AE420DC0070E309 /* DatePickerView.swift in Sources */,
				F5962D7F2AE41F4800398A5D /* ContentView.swift in Sources */,
				F57D1A9A2AE4217A0070E309 /* Constants.swift in Sources */,
				F57D1A9F2AE459A90070E309 /* AlertView.swift in Sources */,
				F5962D7D2AE41F4800398A5D /* StockMarketChallengeApp.swift in Sources */,
				F57D1A922AE421100070E309 /* AssetDetailView+ViewModel.swift in Sources */,
				F57D1AA12AE45BDA0070E309 /* AlertView+ViewModel.swift in Sources */,
			);
			runOnlyForDeploymentPostprocessing = 0;
		};
/* End PBXSourcesBuildPhase section */

/* Begin XCBuildConfiguration section */
		F5962D862AE41F4A00398A5D /* Debug */ = {
			isa = XCBuildConfiguration;
			buildSettings = {
				ALWAYS_SEARCH_USER_PATHS = NO;
				ASSETCATALOG_COMPILER_GENERATE_SWIFT_ASSET_SYMBOL_EXTENSIONS = YES;
				CLANG_ANALYZER_NONNULL = YES;
				CLANG_ANALYZER_NUMBER_OBJECT_CONVERSION = YES_AGGRESSIVE;
				CLANG_CXX_LANGUAGE_STANDARD = "gnu++20";
				CLANG_ENABLE_MODULES = YES;
				CLANG_ENABLE_OBJC_ARC = YES;
				CLANG_ENABLE_OBJC_WEAK = YES;
				CLANG_WARN_BLOCK_CAPTURE_AUTORELEASING = YES;
				CLANG_WARN_BOOL_CONVERSION = YES;
				CLANG_WARN_COMMA = YES;
				CLANG_WARN_CONSTANT_CONVERSION = YES;
				CLANG_WARN_DEPRECATED_OBJC_IMPLEMENTATIONS = YES;
				CLANG_WARN_DIRECT_OBJC_ISA_USAGE = YES_ERROR;
				CLANG_WARN_DOCUMENTATION_COMMENTS = YES;
				CLANG_WARN_EMPTY_BODY = YES;
				CLANG_WARN_ENUM_CONVERSION = YES;
				CLANG_WARN_INFINITE_RECURSION = YES;
				CLANG_WARN_INT_CONVERSION = YES;
				CLANG_WARN_NON_LITERAL_NULL_CONVERSION = YES;
				CLANG_WARN_OBJC_IMPLICIT_RETAIN_SELF = YES;
				CLANG_WARN_OBJC_LITERAL_CONVERSION = YES;
				CLANG_WARN_OBJC_ROOT_CLASS = YES_ERROR;
				CLANG_WARN_QUOTED_INCLUDE_IN_FRAMEWORK_HEADER = YES;
				CLANG_WARN_RANGE_LOOP_ANALYSIS = YES;
				CLANG_WARN_STRICT_PROTOTYPES = YES;
				CLANG_WARN_SUSPICIOUS_MOVE = YES;
				CLANG_WARN_UNGUARDED_AVAILABILITY = YES_AGGRESSIVE;
				CLANG_WARN_UNREACHABLE_CODE = YES;
				CLANG_WARN__DUPLICATE_METHOD_MATCH = YES;
				COPY_PHASE_STRIP = NO;
				DEBUG_INFORMATION_FORMAT = dwarf;
				ENABLE_STRICT_OBJC_MSGSEND = YES;
				ENABLE_TESTABILITY = YES;
				ENABLE_USER_SCRIPT_SANDBOXING = YES;
				GCC_C_LANGUAGE_STANDARD = gnu17;
				GCC_DYNAMIC_NO_PIC = NO;
				GCC_NO_COMMON_BLOCKS = YES;
				GCC_OPTIMIZATION_LEVEL = 0;
				GCC_PREPROCESSOR_DEFINITIONS = (
					"DEBUG=1",
					"$(inherited)",
				);
				GCC_WARN_64_TO_32_BIT_CONVERSION = YES;
				GCC_WARN_ABOUT_RETURN_TYPE = YES_ERROR;
				GCC_WARN_UNDECLARED_SELECTOR = YES;
				GCC_WARN_UNINITIALIZED_AUTOS = YES_AGGRESSIVE;
				GCC_WARN_UNUSED_FUNCTION = YES;
				GCC_WARN_UNUSED_VARIABLE = YES;
				LOCALIZATION_PREFERS_STRING_CATALOGS = YES;
				MTL_ENABLE_DEBUG_INFO = INCLUDE_SOURCE;
				MTL_FAST_MATH = YES;
				ONLY_ACTIVE_ARCH = YES;
				SWIFT_ACTIVE_COMPILATION_CONDITIONS = "DEBUG $(inherited)";
				SWIFT_OPTIMIZATION_LEVEL = "-Onone";
			};
			name = Debug;
		};
		F5962D872AE41F4A00398A5D /* Release */ = {
			isa = XCBuildConfiguration;
			buildSettings = {
				ALWAYS_SEARCH_USER_PATHS = NO;
				ASSETCATALOG_COMPILER_GENERATE_SWIFT_ASSET_SYMBOL_EXTENSIONS = YES;
				CLANG_ANALYZER_NONNULL = YES;
				CLANG_ANALYZER_NUMBER_OBJECT_CONVERSION = YES_AGGRESSIVE;
				CLANG_CXX_LANGUAGE_STANDARD = "gnu++20";
				CLANG_ENABLE_MODULES = YES;
				CLANG_ENABLE_OBJC_ARC = YES;
				CLANG_ENABLE_OBJC_WEAK = YES;
				CLANG_WARN_BLOCK_CAPTURE_AUTORELEASING = YES;
				CLANG_WARN_BOOL_CONVERSION = YES;
				CLANG_WARN_COMMA = YES;
				CLANG_WARN_CONSTANT_CONVERSION = YES;
				CLANG_WARN_DEPRECATED_OBJC_IMPLEMENTATIONS = YES;
				CLANG_WARN_DIRECT_OBJC_ISA_USAGE = YES_ERROR;
				CLANG_WARN_DOCUMENTATION_COMMENTS = YES;
				CLANG_WARN_EMPTY_BODY = YES;
				CLANG_WARN_ENUM_CONVERSION = YES;
				CLANG_WARN_INFINITE_RECURSION = YES;
				CLANG_WARN_INT_CONVERSION = YES;
				CLANG_WARN_NON_LITERAL_NULL_CONVERSION = YES;
				CLANG_WARN_OBJC_IMPLICIT_RETAIN_SELF = YES;
				CLANG_WARN_OBJC_LITERAL_CONVERSION = YES;
				CLANG_WARN_OBJC_ROOT_CLASS = YES_ERROR;
				CLANG_WARN_QUOTED_INCLUDE_IN_FRAMEWORK_HEADER = YES;
				CLANG_WARN_RANGE_LOOP_ANALYSIS = YES;
				CLANG_WARN_STRICT_PROTOTYPES = YES;
				CLANG_WARN_SUSPICIOUS_MOVE = YES;
				CLANG_WARN_UNGUARDED_AVAILABILITY = YES_AGGRESSIVE;
				CLANG_WARN_UNREACHABLE_CODE = YES;
				CLANG_WARN__DUPLICATE_METHOD_MATCH = YES;
				COPY_PHASE_STRIP = NO;
				DEBUG_INFORMATION_FORMAT = "dwarf-with-dsym";
				ENABLE_NS_ASSERTIONS = NO;
				ENABLE_STRICT_OBJC_MSGSEND = YES;
				ENABLE_USER_SCRIPT_SANDBOXING = YES;
				GCC_C_LANGUAGE_STANDARD = gnu17;
				GCC_NO_COMMON_BLOCKS = YES;
				GCC_WARN_64_TO_32_BIT_CONVERSION = YES;
				GCC_WARN_ABOUT_RETURN_TYPE = YES_ERROR;
				GCC_WARN_UNDECLARED_SELECTOR = YES;
				GCC_WARN_UNINITIALIZED_AUTOS = YES_AGGRESSIVE;
				GCC_WARN_UNUSED_FUNCTION = YES;
				GCC_WARN_UNUSED_VARIABLE = YES;
				LOCALIZATION_PREFERS_STRING_CATALOGS = YES;
				MTL_ENABLE_DEBUG_INFO = NO;
				MTL_FAST_MATH = YES;
				SWIFT_COMPILATION_MODE = wholemodule;
			};
			name = Release;
		};
		F5962D892AE41F4A00398A5D /* Debug */ = {
			isa = XCBuildConfiguration;
			buildSettings = {
				ASSETCATALOG_COMPILER_APPICON_NAME = AppIcon;
				ASSETCATALOG_COMPILER_GLOBAL_ACCENT_COLOR_NAME = AccentColor;
				CODE_SIGN_ENTITLEMENTS = StockMarketChallenge/StockMarketChallenge.entitlements;
				CODE_SIGN_STYLE = Automatic;
				CURRENT_PROJECT_VERSION = 1;
				DEVELOPMENT_ASSET_PATHS = "\"StockMarketChallenge/Preview Content\"";
				DEVELOPMENT_TEAM = 5SGX34KZHL;
				ENABLE_HARDENED_RUNTIME = YES;
				ENABLE_PREVIEWS = YES;
				GENERATE_INFOPLIST_FILE = YES;
				INFOPLIST_FILE = StockMarketChallenge/Info.plist;
				"INFOPLIST_KEY_UIApplicationSceneManifest_Generation[sdk=iphoneos*]" = YES;
				"INFOPLIST_KEY_UIApplicationSceneManifest_Generation[sdk=iphonesimulator*]" = YES;
				"INFOPLIST_KEY_UIApplicationSupportsIndirectInputEvents[sdk=iphoneos*]" = YES;
				"INFOPLIST_KEY_UIApplicationSupportsIndirectInputEvents[sdk=iphonesimulator*]" = YES;
				"INFOPLIST_KEY_UILaunchScreen_Generation[sdk=iphoneos*]" = YES;
				"INFOPLIST_KEY_UILaunchScreen_Generation[sdk=iphonesimulator*]" = YES;
				"INFOPLIST_KEY_UIStatusBarStyle[sdk=iphoneos*]" = UIStatusBarStyleDefault;
				"INFOPLIST_KEY_UIStatusBarStyle[sdk=iphonesimulator*]" = UIStatusBarStyleDefault;
				INFOPLIST_KEY_UISupportedInterfaceOrientations_iPad = "UIInterfaceOrientationPortrait UIInterfaceOrientationPortraitUpsideDown UIInterfaceOrientationLandscapeLeft UIInterfaceOrientationLandscapeRight";
				INFOPLIST_KEY_UISupportedInterfaceOrientations_iPhone = "UIInterfaceOrientationPortrait UIInterfaceOrientationLandscapeLeft UIInterfaceOrientationLandscapeRight";
				IPHONEOS_DEPLOYMENT_TARGET = 17.0;
				LD_RUNPATH_SEARCH_PATHS = "@executable_path/Frameworks";
				"LD_RUNPATH_SEARCH_PATHS[sdk=macosx*]" = "@executable_path/../Frameworks";
				MACOSX_DEPLOYMENT_TARGET = 14.0;
				MARKETING_VERSION = 1.0;
				PRODUCT_BUNDLE_IDENTIFIER = jorgeoneill.com.StockMarketChallenge;
				PRODUCT_NAME = "$(TARGET_NAME)";
				SDKROOT = auto;
				SUPPORTED_PLATFORMS = "iphoneos iphonesimulator macosx";
				SWIFT_EMIT_LOC_STRINGS = YES;
				SWIFT_VERSION = 5.0;
				TARGETED_DEVICE_FAMILY = "1,2";
			};
			name = Debug;
		};
		F5962D8A2AE41F4A00398A5D /* Release */ = {
			isa = XCBuildConfiguration;
			buildSettings = {
				ASSETCATALOG_COMPILER_APPICON_NAME = AppIcon;
				ASSETCATALOG_COMPILER_GLOBAL_ACCENT_COLOR_NAME = AccentColor;
				CODE_SIGN_ENTITLEMENTS = StockMarketChallenge/StockMarketChallenge.entitlements;
				CODE_SIGN_STYLE = Automatic;
				CURRENT_PROJECT_VERSION = 1;
				DEVELOPMENT_ASSET_PATHS = "\"StockMarketChallenge/Preview Content\"";
				DEVELOPMENT_TEAM = 5SGX34KZHL;
				ENABLE_HARDENED_RUNTIME = YES;
				ENABLE_PREVIEWS = YES;
				GENERATE_INFOPLIST_FILE = YES;
				INFOPLIST_FILE = StockMarketChallenge/Info.plist;
				"INFOPLIST_KEY_UIApplicationSceneManifest_Generation[sdk=iphoneos*]" = YES;
				"INFOPLIST_KEY_UIApplicationSceneManifest_Generation[sdk=iphonesimulator*]" = YES;
				"INFOPLIST_KEY_UIApplicationSupportsIndirectInputEvents[sdk=iphoneos*]" = YES;
				"INFOPLIST_KEY_UIApplicationSupportsIndirectInputEvents[sdk=iphonesimulator*]" = YES;
				"INFOPLIST_KEY_UILaunchScreen_Generation[sdk=iphoneos*]" = YES;
				"INFOPLIST_KEY_UILaunchScreen_Generation[sdk=iphonesimulator*]" = YES;
				"INFOPLIST_KEY_UIStatusBarStyle[sdk=iphoneos*]" = UIStatusBarStyleDefault;
				"INFOPLIST_KEY_UIStatusBarStyle[sdk=iphonesimulator*]" = UIStatusBarStyleDefault;
				INFOPLIST_KEY_UISupportedInterfaceOrientations_iPad = "UIInterfaceOrientationPortrait UIInterfaceOrientationPortraitUpsideDown UIInterfaceOrientationLandscapeLeft UIInterfaceOrientationLandscapeRight";
				INFOPLIST_KEY_UISupportedInterfaceOrientations_iPhone = "UIInterfaceOrientationPortrait UIInterfaceOrientationLandscapeLeft UIInterfaceOrientationLandscapeRight";
				IPHONEOS_DEPLOYMENT_TARGET = 17.0;
				LD_RUNPATH_SEARCH_PATHS = "@executable_path/Frameworks";
				"LD_RUNPATH_SEARCH_PATHS[sdk=macosx*]" = "@executable_path/../Frameworks";
				MACOSX_DEPLOYMENT_TARGET = 14.0;
				MARKETING_VERSION = 1.0;
				PRODUCT_BUNDLE_IDENTIFIER = jorgeoneill.com.StockMarketChallenge;
				PRODUCT_NAME = "$(TARGET_NAME)";
				SDKROOT = auto;
				SUPPORTED_PLATFORMS = "iphoneos iphonesimulator macosx";
				SWIFT_EMIT_LOC_STRINGS = YES;
				SWIFT_VERSION = 5.0;
				TARGETED_DEVICE_FAMILY = "1,2";
			};
			name = Release;
		};
/* End XCBuildConfiguration section */

/* Begin XCConfigurationList section */
		F5962D742AE41F4800398A5D /* Build configuration list for PBXProject "StockMarketChallenge" */ = {
			isa = XCConfigurationList;
			buildConfigurations = (
				F5962D862AE41F4A00398A5D /* Debug */,
				F5962D872AE41F4A00398A5D /* Release */,
			);
			defaultConfigurationIsVisible = 0;
			defaultConfigurationName = Release;
		};
		F5962D882AE41F4A00398A5D /* Build configuration list for PBXNativeTarget "StockMarketChallenge" */ = {
			isa = XCConfigurationList;
			buildConfigurations = (
				F5962D892AE41F4A00398A5D /* Debug */,
				F5962D8A2AE41F4A00398A5D /* Release */,
			);
			defaultConfigurationIsVisible = 0;
			defaultConfigurationName = Release;
		};
/* End XCConfigurationList section */
	};
	rootObject = F5962D712AE41F4800398A5D /* Project object */;
}
